
Microsoft Visual Studio Solution File, Format Version 12.00
# Visual Studio 15
VisualStudioVersion = 15.0.27703.2026
MinimumVisualStudioVersion = 10.0.40219.1
Project("{9A19103F-16F7-4668-BE54-9A1E7A4F7556}") = "IDVN.Web", "IDVN.Web\IDVN.Web.csproj", "{0508C992-A104-4C3F-A630-3B7D475225CD}"
EndProject
Project("{9A19103F-16F7-4668-BE54-9A1E7A4F7556}") = "IDVN.Data", "IDVN.Data\IDVN.Data.csproj", "{D1C46196-2797-4F69-89BE-4640D30972F3}"
EndProject
Global
	GlobalSection(SolutionConfigurationPlatforms) = preSolution
		Debug|Any CPU = Debug|Any CPU
		Release|Any CPU = Release|Any CPU
	EndGlobalSection
	GlobalSection(ProjectConfigurationPlatforms) = postSolution
		{0508C992-A104-4C3F-A630-3B7D475225CD}.Debug|Any CPU.ActiveCfg = Debug|Any CPU
		{0508C992-A104-4C3F-A630-3B7D475225CD}.Debug|Any CPU.Build.0 = Debug|Any CPU
		{0508C992-A104-4C3F-A630-3B7D475225CD}.Release|Any CPU.ActiveCfg = Release|Any CPU
		{0508C992-A104-4C3F-A630-3B7D475225CD}.Release|Any CPU.Build.0 = Release|Any CPU
		{D1C46196-2797-4F69-89BE-4640D30972F3}.Debug|Any CPU.ActiveCfg = Debug|Any CPU
		{D1C46196-2797-4F69-89BE-4640D30972F3}.Debug|Any CPU.Build.0 = Debug|Any CPU
		{D1C46196-2797-4F69-89BE-4640D30972F3}.Release|Any CPU.ActiveCfg = Release|Any CPU
		{D1C46196-2797-4F69-89BE-4640D30972F3}.Release|Any CPU.Build.0 = Release|Any CPU
	EndGlobalSection
	GlobalSection(SolutionProperties) = preSolution
		HideSolutionNode = FALSE
	EndGlobalSection
	GlobalSection(ExtensibilityGlobals) = postSolution
		SolutionGuid = {A0087CE9-0C5F-40CC-A1EA-16AD4108FF2C}
	EndGlobalSection
EndGlobal
